
Microsoft Visual Studio Solution File, Format Version 12.00
# Visual Studio Version 16
VisualStudioVersion = 16.0.30011.22
MinimumVisualStudioVersion = 10.0.40219.1
Project("{FAE04EC0-301F-11D3-BF4B-00C04F79EFBC}") = "Db.Hackathon.Core", "..\Db.Hackathon.Core\Db.Hackathon.Core.csproj", "{CFCDFEA8-55CD-409C-822D-D606250DE8BB}"
EndProject
Global
	GlobalSection(SolutionConfigurationPlatforms) = preSolution
		Debug|Any CPU = Debug|Any CPU
		Release|Any CPU = Release|Any CPU
	EndGlobalSection
	GlobalSection(ProjectConfigurationPlatforms) = postSolution
		{CFCDFEA8-55CD-409C-822D-D606250DE8BB}.Debug|Any CPU.ActiveCfg = Debug|Any CPU
		{CFCDFEA8-55CD-409C-822D-D606250DE8BB}.Debug|Any CPU.Build.0 = Debug|Any CPU
		{CFCDFEA8-55CD-409C-822D-D606250DE8BB}.Release|Any CPU.ActiveCfg = Release|Any CPU
		{CFCDFEA8-55CD-409C-822D-D606250DE8BB}.Release|Any CPU.Build.0 = Release|Any CPU
	EndGlobalSection
	GlobalSection(SolutionProperties) = preSolution
		HideSolutionNode = FALSE
	EndGlobalSection
	GlobalSection(ExtensibilityGlobals) = postSolution
		SolutionGuid = {E0F077DC-A43E-47A0-8E4B-D32E8F615CDF}
	EndGlobalSection
EndGlobal
